schema: '2.0'
stages:
  split_dataset:
    cmd: python scripts/split_dataset.py
    deps:
    - path: config/dataset/
      hash: md5
      md5: 31ea49280dc4e2e92679d62a5a8c1fdb.dir
      size: 8010
      nfiles: 4
    - path: scripts/split_dataset.py
      hash: md5
      md5: 5dfcdc09ac10b6ef6a354b3e407e5013
      size: 13335
    params:
      params.yaml:
        datasets:
        - name: ragtruth
        seed: 42
        split:
          test_ratio: 0.1
          random_seed: 42
          stratify: true
    outs:
    - path: outputs/splits/
      hash: md5
      md5: 0d8169838d4d836682e422f2a7093812.dir
      size: 71823041
      nfiles: 3
  generate_activations@dataset0-QA-model0:
    cmd: CUDA_VISIBLE_DEVICES=0,1 python scripts/generate_activations.py 
      dataset.name=ragtruth dataset.task_type=QA model=mistral_7b 
      model.short_name=Mistral-7B-Instruct-v0.3 features.mode=teacher_forcing 
      seed=42 methods=[lapeigvals,lookback_lens,haloscope,hsdmvaf] 
      allow_full_attention=true
    deps:
    - path: config/
      hash: md5
      md5: d5e139777934a325d1d6e67225240d89.dir
      size: 55725
      nfiles: 31
    - path: outputs/splits/
      hash: md5
      md5: 0d8169838d4d836682e422f2a7093812.dir
      size: 71823041
      nfiles: 3
    - path: scripts/generate_activations.py
      hash: md5
      md5: 217bbeb933508ebc55af4467197dc997
      size: 23972
    - path: src/
      hash: md5
      md5: e6c3221cdc9fe438f201bb005e7301bd.dir
      size: 822230
      nfiles: 82
    - path: utils/
      hash: md5
      md5: 729f58ded3dd2319d8d81c4faf12e543.dir
      size: 99152
      nfiles: 8
    params:
      params.yaml:
        allow_full_attention: true
        features.mode: teacher_forcing
        methods:
        - lapeigvals
        - lookback_lens
        - haloscope
        - hsdmvaf
        seed: 42
    outs:
    - path: outputs/features/ragtruth/Mistral-7B-Instruct-v0.3/seed_42/QA/
      hash: md5
      md5: 554a7078e06266ccbcdb1ebd92a8e2da.dir
      size: 5088913858
      nfiles: 811
  generate_activations@dataset0-Summary-model0:
    cmd: CUDA_VISIBLE_DEVICES=0,1 python scripts/generate_activations.py 
      dataset.name=ragtruth dataset.task_type=Summary model=mistral_7b 
      model.short_name=Mistral-7B-Instruct-v0.3 features.mode=teacher_forcing 
      seed=42 methods=[lapeigvals,lookback_lens,haloscope,hsdmvaf] 
      allow_full_attention=true
    deps:
    - path: config/
      hash: md5
      md5: d5e139777934a325d1d6e67225240d89.dir
      size: 55725
      nfiles: 31
    - path: outputs/splits/
      hash: md5
      md5: 0d8169838d4d836682e422f2a7093812.dir
      size: 71823041
      nfiles: 3
    - path: scripts/generate_activations.py
      hash: md5
      md5: 217bbeb933508ebc55af4467197dc997
      size: 23972
    - path: src/
      hash: md5
      md5: e6c3221cdc9fe438f201bb005e7301bd.dir
      size: 822230
      nfiles: 82
    - path: utils/
      hash: md5
      md5: 729f58ded3dd2319d8d81c4faf12e543.dir
      size: 99152
      nfiles: 8
    params:
      params.yaml:
        allow_full_attention: true
        features.mode: teacher_forcing
        methods:
        - lapeigvals
        - lookback_lens
        - haloscope
        - hsdmvaf
        seed: 42
    outs:
    - path: outputs/features/ragtruth/Mistral-7B-Instruct-v0.3/seed_42/Summary/
      hash: md5
      md5: d4e35f4b75b98d11e3ec6f6c7024957e.dir
      size: 8120538002
      nfiles: 794
  generate_activations@dataset0-Data2txt-model0:
    cmd: CUDA_VISIBLE_DEVICES=0,1 python scripts/generate_activations.py 
      dataset.name=ragtruth dataset.task_type=Data2txt model=mistral_7b 
      model.short_name=Mistral-7B-Instruct-v0.3 features.mode=teacher_forcing 
      seed=42 methods=[lapeigvals,lookback_lens,haloscope,hsdmvaf] 
      allow_full_attention=true
    deps:
    - path: config/
      hash: md5
      md5: d5e139777934a325d1d6e67225240d89.dir
      size: 55725
      nfiles: 31
    - path: outputs/splits/
      hash: md5
      md5: 0d8169838d4d836682e422f2a7093812.dir
      size: 71823041
      nfiles: 3
    - path: scripts/generate_activations.py
      hash: md5
      md5: 217bbeb933508ebc55af4467197dc997
      size: 23972
    - path: src/
      hash: md5
      md5: e6c3221cdc9fe438f201bb005e7301bd.dir
      size: 822230
      nfiles: 82
    - path: utils/
      hash: md5
      md5: 729f58ded3dd2319d8d81c4faf12e543.dir
      size: 99152
      nfiles: 8
    params:
      params.yaml:
        allow_full_attention: true
        features.mode: teacher_forcing
        methods:
        - lapeigvals
        - lookback_lens
        - haloscope
        - hsdmvaf
        seed: 42
    outs:
    - path: outputs/features/ragtruth/Mistral-7B-Instruct-v0.3/seed_42/Data2txt/
      hash: md5
      md5: 2c724fbc599e7bbab7c022dfe7373d6d.dir
      size: 10056318196
      nfiles: 890
