schema: '2.0'
stages:
  split_dataset:
    cmd: python scripts/split_dataset.py
    deps:
    - path: config/dataset/
      hash: md5
      md5: 31ea49280dc4e2e92679d62a5a8c1fdb.dir
      size: 8010
      nfiles: 4
    - path: scripts/split_dataset.py
      hash: md5
      md5: 5dfcdc09ac10b6ef6a354b3e407e5013
      size: 13335
    params:
      params.yaml:
        datasets:
        - name: ragtruth
        seed: 42
        split:
          test_ratio: 0.1
          random_seed: 42
          stratify: true
    outs:
    - path: outputs/splits/
      hash: md5
      md5: 0d8169838d4d836682e422f2a7093812.dir
      size: 71823041
      nfiles: 3
  generate_activations@dataset0-QA-model0:
    cmd: CUDA_VISIBLE_DEVICES=0,1 python scripts/generate_activations.py 
      dataset.name=ragtruth dataset.task_type=QA model=mistral_7b 
      model.short_name=Mistral-7B-Instruct-v0.3 features.mode=teacher_forcing 
      seed=42 methods=[lapeigvals,lookback_lens,haloscope,hsdmvaf] 
      allow_full_attention=true
    deps:
    - path: config/
      hash: md5
      md5: d5e139777934a325d1d6e67225240d89.dir
      size: 55725
      nfiles: 31
    - path: outputs/splits/
      hash: md5
      md5: 0d8169838d4d836682e422f2a7093812.dir
      size: 71823041
      nfiles: 3
    - path: scripts/generate_activations.py
      hash: md5
      md5: 6b631acdeae80c4acf2dc00bb8bbfee7
      size: 24019
    - path: src/
      hash: md5
      md5: 236d7e82e478e334dbd265dcf3760749.dir
      size: 995765
      nfiles: 92
    - path: utils/
      hash: md5
      md5: a7eae2c2163feb2c5f7a96912e1c2b78.dir
      size: 112881
      nfiles: 9
    params:
      params.yaml:
        allow_full_attention: true
        features.mode: teacher_forcing
        methods:
        - lapeigvals
        - lookback_lens
        - haloscope
        - hsdmvaf
        seed: 42
    outs:
    - path: outputs/features/ragtruth/Mistral-7B-Instruct-v0.3/seed_42/QA/
      hash: md5
      md5: 75723db1b4eedeecc66b7489e64885ea.dir
      size: 6021834545
      nfiles: 812
  generate_activations@dataset0-Summary-model0:
    cmd: CUDA_VISIBLE_DEVICES=0,1 python scripts/generate_activations.py 
      dataset.name=ragtruth dataset.task_type=Summary model=mistral_7b 
      model.short_name=Mistral-7B-Instruct-v0.3 features.mode=teacher_forcing 
      seed=42 methods=[lapeigvals,lookback_lens,haloscope,hsdmvaf] 
      allow_full_attention=true
    deps:
    - path: config/
      hash: md5
      md5: d5e139777934a325d1d6e67225240d89.dir
      size: 55725
      nfiles: 31
    - path: outputs/splits/
      hash: md5
      md5: 0d8169838d4d836682e422f2a7093812.dir
      size: 71823041
      nfiles: 3
    - path: scripts/generate_activations.py
      hash: md5
      md5: 6b631acdeae80c4acf2dc00bb8bbfee7
      size: 24019
    - path: src/
      hash: md5
      md5: 236d7e82e478e334dbd265dcf3760749.dir
      size: 995765
      nfiles: 92
    - path: utils/
      hash: md5
      md5: a7eae2c2163feb2c5f7a96912e1c2b78.dir
      size: 112881
      nfiles: 9
    params:
      params.yaml:
        allow_full_attention: true
        features.mode: teacher_forcing
        methods:
        - lapeigvals
        - lookback_lens
        - haloscope
        - hsdmvaf
        seed: 42
    outs:
    - path: outputs/features/ragtruth/Mistral-7B-Instruct-v0.3/seed_42/Summary/
      hash: md5
      md5: 5710690885d65c95e2ca1f21d47faed1.dir
      size: 9661287502
      nfiles: 795
  generate_activations@dataset0-Data2txt-model0:
    cmd: CUDA_VISIBLE_DEVICES=0,1 python scripts/generate_activations.py 
      dataset.name=ragtruth dataset.task_type=Data2txt model=mistral_7b 
      model.short_name=Mistral-7B-Instruct-v0.3 features.mode=teacher_forcing 
      seed=42 methods=[lapeigvals,lookback_lens,haloscope,hsdmvaf] 
      allow_full_attention=true
    deps:
    - path: config/
      hash: md5
      md5: d5e139777934a325d1d6e67225240d89.dir
      size: 55725
      nfiles: 31
    - path: outputs/splits/
      hash: md5
      md5: 0d8169838d4d836682e422f2a7093812.dir
      size: 71823041
      nfiles: 3
    - path: scripts/generate_activations.py
      hash: md5
      md5: 6b631acdeae80c4acf2dc00bb8bbfee7
      size: 24019
    - path: src/
      hash: md5
      md5: 236d7e82e478e334dbd265dcf3760749.dir
      size: 995765
      nfiles: 92
    - path: utils/
      hash: md5
      md5: a7eae2c2163feb2c5f7a96912e1c2b78.dir
      size: 112881
      nfiles: 9
    params:
      params.yaml:
        allow_full_attention: true
        features.mode: teacher_forcing
        methods:
        - lapeigvals
        - lookback_lens
        - haloscope
        - hsdmvaf
        seed: 42
    outs:
    - path: outputs/features/ragtruth/Mistral-7B-Instruct-v0.3/seed_42/Data2txt/
      hash: md5
      md5: 20fb0d1c1ff17bcaca92714a937cda7a.dir
      size: 11974054544
      nfiles: 891
  train_probe@dataset0-QA-model0-lapeigvals:
    cmd: python scripts/train_probe.py dataset.name=ragtruth 
      dataset.task_type=QA model=mistral_7b 
      model.short_name=Mistral-7B-Instruct-v0.3 method=lapeigvals seed=42
    deps:
    - path: outputs/features/ragtruth/Mistral-7B-Instruct-v0.3/seed_42/QA/
      hash: md5
      md5: 75723db1b4eedeecc66b7489e64885ea.dir
      size: 6021834545
      nfiles: 812
    - path: outputs/splits/
      hash: md5
      md5: 0d8169838d4d836682e422f2a7093812.dir
      size: 71823041
      nfiles: 3
    - path: scripts/train_probe.py
      hash: md5
      md5: c928d4c21835eaf2a02796d8a66a1f1d
      size: 16188
    - path: src/
      hash: md5
      md5: 236d7e82e478e334dbd265dcf3760749.dir
      size: 995765
      nfiles: 92
    params:
      params.yaml:
        cv_folds: 5
        seed: 42
    outs:
    - path: 
        outputs/models/ragtruth/Mistral-7B-Instruct-v0.3/seed_42/QA/lapeigvals/probe/
      hash: md5
      md5: 08302e9178e3617d1589ea553a4ceef9.dir
      size: 495725
      nfiles: 3
  train_probe@dataset0-QA-model0-lookback_lens:
    cmd: python scripts/train_probe.py dataset.name=ragtruth 
      dataset.task_type=QA model=mistral_7b 
      model.short_name=Mistral-7B-Instruct-v0.3 method=lookback_lens seed=42
    deps:
    - path: outputs/features/ragtruth/Mistral-7B-Instruct-v0.3/seed_42/QA/
      hash: md5
      md5: 75723db1b4eedeecc66b7489e64885ea.dir
      size: 6021834545
      nfiles: 812
    - path: outputs/splits/
      hash: md5
      md5: 0d8169838d4d836682e422f2a7093812.dir
      size: 71823041
      nfiles: 3
    - path: scripts/train_probe.py
      hash: md5
      md5: c928d4c21835eaf2a02796d8a66a1f1d
      size: 16188
    - path: src/
      hash: md5
      md5: 236d7e82e478e334dbd265dcf3760749.dir
      size: 995765
      nfiles: 92
    params:
      params.yaml:
        cv_folds: 5
        seed: 42
    outs:
    - path: 
        outputs/models/ragtruth/Mistral-7B-Instruct-v0.3/seed_42/QA/lookback_lens/probe/
      hash: md5
      md5: a3fdb9d171811ea90c7e0c834b94318a.dir
      size: 364603
      nfiles: 3
